PODS:
  - Alamofire (5.0.5)
  - BrightFutures (7.0.1):
    - Result (~> 4.1)
  - GoogleAds-IMA-tvOS-SDK (4.3.2)
  - ModelMapper (10.0.1):
    - ModelMapper/Core (= 10.0.1)
  - ModelMapper/Core (10.0.1)
  - ParallaxView (3.1.2)
  - ReachabilitySwift (5.0.0)
  - Result (4.1.0)
  - SDWebImage (4.4.8):
    - SDWebImage/Core (= 4.4.8)
  - SDWebImage/Core (4.4.8)
  - SnapKit (4.0.1)
  - SwiftyStoreKit (0.16.1)
  - TVMultiPicker (0.0.4):
    - SnapKit (~> 4.0.0)
  - TVOSPicker (0.0.2)
  - TvOSSlider (1.2.0)

DEPENDENCIES:
  - Alamofire (~> 5.0.0-rc.2)
  - BrightFutures (from `https://github.com/gizmeondev/BrightFutures.git`)
  - GoogleAds-IMA-tvOS-SDK (~> 4.2)
  - ModelMapper
  - ParallaxView
  - ReachabilitySwift
  - SDWebImage (~> 4.0)
  - SwiftyStoreKit
  - TVMultiPicker
  - TVOSPicker
  - TvOSSlider

SPEC REPOS:
  trunk:
    - Alamofire
    - GoogleAds-IMA-tvOS-SDK
    - ModelMapper
    - ParallaxView
    - ReachabilitySwift
    - Result
    - SDWebImage
    - SnapKit
    - SwiftyStoreKit
    - TVMultiPicker
    - TVOSPicker
    - TvOSSlider

EXTERNAL SOURCES:
  BrightFutures:
    :git: https://github.com/gizmeondev/BrightFutures.git

CHECKOUT OPTIONS:
  BrightFutures:
    :commit: 93641cf22109c78dc0daba342c40f89764d143b8
    :git: https://github.com/gizmeondev/BrightFutures.git

SPEC CHECKSUMS:
  Alamofire: df2f8f826963b08b9a870791ad48e07a10090b2e
  BrightFutures: a7bb9bfd606c37ada0dfd22fab99e277f3b79eb7
  GoogleAds-IMA-tvOS-SDK: 29aeeb24ac8912ca3f52c2a00ce67880586366df
  ModelMapper: 0f68dd4300d0e27290c70f66492c7f795da21bcf
  ParallaxView: 1a97d3ff4752f1b1009b30c96235cee3221db012
  ReachabilitySwift: 985039c6f7b23a1da463388634119492ff86c825
  Result: bd966fac789cc6c1563440b348ab2598cc24d5c7
  SDWebImage: 783af2c3fa36291a250030c4752ee370a9a51d13
  SnapKit: 0de968a9fec17499afa29683b05d0c775b6d1c29
  SwiftyStoreKit: 6b9c08810269f030586dac1fae8e75871a82e84a
  TVMultiPicker: 97e12895196842e59161cd78d0a7e87a4dabe6eb
  TVOSPicker: ce7f12fa1cf0f403a57af8fbaa9110f521545c27
  TvOSSlider: 28bb17a18ea197f5ba229353601be7393cccc430

PODFILE CHECKSUM: 0156b49ac29a9fd83d2cbb9c122f8de2fddeb784

COCOAPODS: 1.11.3
